
Microsoft Visual Studio Solution File, Format Version 12.00
# Visual Studio Version 17
VisualStudioVersion = 17.10.35027.167
MinimumVisualStudioVersion = 10.0.40219.1
Project("{FAE04EC0-301F-11D3-BF4B-00C04F79EFBC}") = "Week2Final", "Week2Final\Week2Final.csproj", "{CDE8D58E-ABE0-4DE4-9356-20AC0CFFE75B}"
EndProject
Global
	GlobalSection(SolutionConfigurationPlatforms) = preSolution
		Debug|Any CPU = Debug|Any CPU
		Release|Any CPU = Release|Any CPU
	EndGlobalSection
	GlobalSection(ProjectConfigurationPlatforms) = postSolution
		{CDE8D58E-ABE0-4DE4-9356-20AC0CFFE75B}.Debug|Any CPU.ActiveCfg = Debug|Any CPU
		{CDE8D58E-ABE0-4DE4-9356-20AC0CFFE75B}.Debug|Any CPU.Build.0 = Debug|Any CPU
		{CDE8D58E-ABE0-4DE4-9356-20AC0CFFE75B}.Release|Any CPU.ActiveCfg = Release|Any CPU
		{CDE8D58E-ABE0-4DE4-9356-20AC0CFFE75B}.Release|Any CPU.Build.0 = Release|Any CPU
	EndGlobalSection
	GlobalSection(SolutionProperties) = preSolution
		HideSolutionNode = FALSE
	EndGlobalSection
	GlobalSection(ExtensibilityGlobals) = postSolution
		SolutionGuid = {550351CE-34B9-47E2-8AE1-35C372BB1151}
	EndGlobalSection
EndGlobal
